<?xml version="1.0" encoding="utf-8"?>
<Project ToolsVersion="4.0" xmlns="http://schemas.microsoft.com/developer/msbuild/2003">
  <ItemGroup>
    <Filter Include="Source Files">
      <UniqueIdentifier>{4FC737F1-C7A5-4376-A066-2A32D752A2FF}</UniqueIdentifier>
      <Extensions>cpp;c;cc;cxx;c++;def;odl;idl;hpj;bat;asm;asmx</Extensions>
    </Filter>
    <Filter Include="Header Files">
      <UniqueIdentifier>{93995380-89BD-4b04-88EB-625FBE52EBFB}</UniqueIdentifier>
      <Extensions>h;hh;hpp;hxx;h++;hm;inl;inc;ipp;xsd</Extensions>
    </Filter>
    <Filter Include="Resource Files">
      <UniqueIdentifier>{67DA6AB6-F800-4c08-8B7A-83BB121AAD01}</UniqueIdentifier>
      <Extensions>rc;ico;cur;bmp;dlg;rc2;rct;bin;rgs;gif;jpg;jpeg;jpe;resx;tiff;tif;png;wav;mfcribbon-ms</Extensions>
    </Filter>
    <Filter Include="Source Files\Math_Library">
      <UniqueIdentifier>{23c1ba14-55ff-4cce-b119-5b5a9acb777a}</UniqueIdentifier>
    </Filter>
    <Filter Include="Source Files\Component">
      <UniqueIdentifier>{6ccff8ec-2ab3-460e-b49b-446fae79e651}</UniqueIdentifier>
    </Filter>
    <Filter Include="Header Files\System">
      <UniqueIdentifier>{e7da9be2-0ede-432c-95ec-578a75fd6390}</UniqueIdentifier>
    </Filter>
    <Filter Include="Source Files\System">
      <UniqueIdentifier>{8432e3d0-c853-4462-bd11-ee3d26e975fc}</UniqueIdentifier>
    </Filter>
    <Filter Include="Header Files\Physic">
      <UniqueIdentifier>{5f2c4f7e-f754-43b8-90a0-69ee1e16642e}</UniqueIdentifier>
    </Filter>
    <Filter Include="Source Files\Physic">
      <UniqueIdentifier>{fac503f7-825f-4bd4-add2-7743b627035a}</UniqueIdentifier>
    </Filter>
    <Filter Include="Header Files\ECS">
      <UniqueIdentifier>{8a080e8e-b31c-482b-8f44-9b091bca5bce}</UniqueIdentifier>
    </Filter>
    <Filter Include="Source Files\ECS">
      <UniqueIdentifier>{fa9ad190-fb76-4d6e-b1d4-2dc877c21b06}</UniqueIdentifier>
    </Filter>
    <Filter Include="Header Files\Misc">
      <UniqueIdentifier>{4c50c27a-f790-4299-b9ac-049239e08826}</UniqueIdentifier>
    </Filter>
    <Filter Include="Header Files\Json">
      <UniqueIdentifier>{76dfcb46-601b-4d46-a8d2-7eaa0d1b05ab}</UniqueIdentifier>
    </Filter>
    <Filter Include="Header Files\Window">
      <UniqueIdentifier>{c1237ac6-a600-46ec-aa9f-021565f0ac3a}</UniqueIdentifier>
    </Filter>
  </ItemGroup>
  <ItemGroup>
    <ClCompile Include="Source\main.cpp">
      <Filter>Source Files</Filter>
    </ClCompile>
    <ClCompile Include="Source\Matrix3x3.cpp">
      <Filter>Source Files\Math_Library</Filter>
    </ClCompile>
    <ClCompile Include="Source\Matrix4x4.cpp">
      <Filter>Source Files\Math_Library</Filter>
    </ClCompile>
    <ClCompile Include="Source\Vector.cpp">
      <Filter>Source Files\Math_Library</Filter>
    </ClCompile>
    <ClCompile Include="Component\ComponentTransform.cpp">
      <Filter>Source Files\Component</Filter>
    </ClCompile>
    <ClCompile Include="Source\System\SystemManager.cpp">
      <Filter>Source Files\System</Filter>
    </ClCompile>
    <ClCompile Include="Source\Physic\ColliderComponent.cpp">
      <Filter>Source Files\Physic</Filter>
    </ClCompile>
    <ClCompile Include="Source\Physic\Manifold.cpp">
      <Filter>Source Files\Physic</Filter>
    </ClCompile>
    <ClCompile Include="Source\Physic\PhysicManager.cpp">
      <Filter>Source Files\Physic</Filter>
    </ClCompile>
    <ClCompile Include="Source\Physic\Rigidbody.cpp">
      <Filter>Source Files\Physic</Filter>
    </ClCompile>
    <ClCompile Include="Source\ECS\Component.cpp">
      <Filter>Source Files\ECS</Filter>
    </ClCompile>
    <ClCompile Include="Source\ECS\Entity.cpp">
      <Filter>Source Files\ECS</Filter>
    </ClCompile>
    <ClCompile Include="Source\ECS\TransformComponent.cpp">
      <Filter>Source Files\ECS</Filter>
    </ClCompile>
    <ClCompile Include="Source\Json\Parser.cpp">
      <Filter>Header Files\Json</Filter>
    </ClCompile>
    <ClCompile Include="Source\Window\MyWindowManager.cpp">
      <Filter>Header Files\Window</Filter>
    </ClCompile>
    <ClCompile Include="Source\Window\MyWindow.cpp">
      <Filter>Header Files\Window</Filter>
    </ClCompile>
    <ClCompile Include="Source\ECS\TriggerComponent.cpp">
      <Filter>Source Files\Physic</Filter>
    </ClCompile>
  </ItemGroup>
  <ItemGroup>
    <ClInclude Include="Source\Matrix3x3.h">
      <Filter>Header Files</Filter>
    </ClInclude>
    <ClInclude Include="Source\Matrix4x4.h">
      <Filter>Header Files</Filter>
    </ClInclude>
    <ClInclude Include="Source\Vector.h">
      <Filter>Header Files</Filter>
    </ClInclude>
    <ClInclude Include="Component\ComponentTransform.h">
      <Filter>Source Files\Component</Filter>
    </ClInclude>
    <ClInclude Include="Source\System\SystemManager.h">
      <Filter>Header Files\System</Filter>
    </ClInclude>
    <ClInclude Include="Source\System\MySystem.h">
      <Filter>Header Files\System</Filter>
    </ClInclude>
    <ClInclude Include="Source\System\ISystem.h">
      <Filter>Header Files\System</Filter>
    </ClInclude>
    <ClInclude Include="Source\Physic\ColliderComponent.h">
      <Filter>Header Files\Physic</Filter>
    </ClInclude>
    <ClInclude Include="Source\Physic\Manifold.h">
      <Filter>Header Files\Physic</Filter>
    </ClInclude>
    <ClInclude Include="Source\Physic\PhysicManager.h">
      <Filter>Header Files\Physic</Filter>
    </ClInclude>
    <ClInclude Include="Source\Physic\Rigidbody.h">
      <Filter>Header Files\Physic</Filter>
    </ClInclude>
    <ClInclude Include="Source\Physic\Rigidbody.hpp">
      <Filter>Header Files\Physic</Filter>
    </ClInclude>
    <ClInclude Include="Source\ECS\Component.h">
      <Filter>Header Files\ECS</Filter>
    </ClInclude>
    <ClInclude Include="Source\ECS\Entity.h">
      <Filter>Header Files\ECS</Filter>
    </ClInclude>
    <ClInclude Include="Source\ECS\Entity.hpp">
      <Filter>Header Files\ECS</Filter>
    </ClInclude>
    <ClInclude Include="Source\ECS\TransformComponent.h">
      <Filter>Header Files\ECS</Filter>
    </ClInclude>
    <ClInclude Include="Source\Misc\Config.h">
      <Filter>Header Files\Misc</Filter>
    </ClInclude>
    <ClInclude Include="Source\Misc\Header.h">
      <Filter>Header Files\Misc</Filter>
    </ClInclude>
    <ClInclude Include="Source\main.h">
      <Filter>Header Files</Filter>
    </ClInclude>
    <ClInclude Include="Source\Resource\targetver.h">
      <Filter>Resource Files</Filter>
    </ClInclude>
    <ClInclude Include="Source\Json\JsonWrapper.h">
      <Filter>Header Files\Json</Filter>
    </ClInclude>
    <ClInclude Include="Source\Json\Parser.h">
      <Filter>Header Files\Json</Filter>
    </ClInclude>
    <ClInclude Include="Source\Json\Parser.hpp">
      <Filter>Header Files\Json</Filter>
    </ClInclude>
    <ClInclude Include="Source\Window\MyWindow.h">
      <Filter>Header Files\Window</Filter>
    </ClInclude>
    <ClInclude Include="Source\Window\MyWindowManager.h">
      <Filter>Header Files\Window</Filter>
    </ClInclude>
    <ClInclude Include="Source\ECS\TriggerComponent.h">
      <Filter>Header Files\Physic</Filter>
    </ClInclude>
  </ItemGroup>
  <ItemGroup>
    <ResourceCompile Include="Source\Resource\NightLight.rc">
      <Filter>Resource Files</Filter>
    </ResourceCompile>
  </ItemGroup>
  <ItemGroup>
    <Image Include="Resources\Icon\NightLight.ico">
      <Filter>Resource Files</Filter>
    </Image>
    <Image Include="Resources\Icon\small.ico">
      <Filter>Resource Files</Filter>
    </Image>
  </ItemGroup>
</Project>