<?xml version="1.0" encoding="utf-8"?>
<Project ToolsVersion="4.0" xmlns="http://schemas.microsoft.com/developer/msbuild/2003">
  <ItemGroup>
    <Filter Include="Source Files">
    </Filter>
    <Filter Include="Header Files">
    </Filter>
    <Filter Include="Resource Files">
    </Filter>
    <Filter Include="Source Files\AI">
    </Filter>
    <Filter Include="Source Files\Audio">
    </Filter>
    <Filter Include="Source Files\Collision">
    </Filter>
    <Filter Include="Source Files\Component">
    </Filter>
    <Filter Include="Source Files\Editor">
    </Filter>
    <Filter Include="Source Files\Editor\LevelEditor">
    </Filter>
    <Filter Include="Source Files\Editor\imgui">
    </Filter>
    <Filter Include="Source Files\Editor\imgui\imguizmo">
    </Filter>
    <Filter Include="Source Files\Graphics">
    </Filter>
    <Filter Include="Source Files\Input">
    </Filter>
    <Filter Include="Source Files\IO">
    </Filter>
    <Filter Include="Source Files\IO\Json">
    </Filter>
    <Filter Include="Source Files\Math">
    </Filter>
    <Filter Include="Source Files\Mono">
    </Filter>
    <Filter Include="Source Files\Mono\Binding">
    </Filter>
    <Filter Include="Source Files\Mono\Binding\Components">
    </Filter>
    <Filter Include="Source Files\Mono\Binding\CustomTypes">
    </Filter>
    <Filter Include="Source Files\Mono\Binding\Systems">
    </Filter>
    <Filter Include="Source Files\Physics">
    </Filter>
    <Filter Include="Source Files\Window">
    </Filter>
    <Filter Include="Source Files\Core" />
    <Filter Include="Source Files\Messaging" />
    <Filter Include="Source Files\Messaging\Messages">
    </Filter>
    <Filter Include="Source Files\Logic" />
    <Filter Include="Source Files\Logic\CScripts">
    </Filter>
    <Filter Include="Source Files\Debug">
      <UniqueIdentifier>{16e51090-10ed-4dc0-abc5-1aec457e199f}</UniqueIdentifier>
    </Filter>
    <Filter Include="Source Files\Editor\LevelEditor\Asset Inspector">
      <UniqueIdentifier>{4c98221a-2f0a-4d13-85db-06fc021a2b34}</UniqueIdentifier>
    </Filter>
    <Filter Include="Source Files\Editor\LevelEditor\Console">
      <UniqueIdentifier>{044fa11a-ce8d-4528-835c-46658a0a7698}</UniqueIdentifier>
    </Filter>
    <Filter Include="Source Files\Editor\LevelEditor\Hierarchy">
      <UniqueIdentifier>{faf1bcfa-81fd-4a59-bc8b-5907249be055}</UniqueIdentifier>
    </Filter>
    <Filter Include="Source Files\Editor\LevelEditor\Object Inspector">
      <UniqueIdentifier>{2545def6-0f85-447e-9529-b31dc6259f64}</UniqueIdentifier>
    </Filter>
    <Filter Include="Source Files\Editor\LevelEditor\Performance Metrics">
      <UniqueIdentifier>{7dd1654e-2c00-499a-8fb8-f79eaf3d1d34}</UniqueIdentifier>
    </Filter>
    <Filter Include="Source Files\Editor\LevelEditor\Helper">
      <UniqueIdentifier>{8d2bd12c-83f1-4f68-adbc-ce0d5b81a702}</UniqueIdentifier>
    </Filter>
    <Filter Include="Source Files\Editor\LevelEditor\CSV Tags">
      <UniqueIdentifier>{2b00ebc4-ae8e-4e44-a1cf-1782358c2b2d}</UniqueIdentifier>
    </Filter>
    <Filter Include="Source Files\Editor\LevelEditor\Main Menu Bar">
      <UniqueIdentifier>{9d58a399-800c-445b-861a-245ab4a92549}</UniqueIdentifier>
    </Filter>
    <Filter Include="Source Files\Editor\LevelEditor\Imgui">
      <UniqueIdentifier>{1d36f092-3846-4797-8e2f-df5017d3f10e}</UniqueIdentifier>
    </Filter>
    <Filter Include="Source Files\Editor\LevelEditor\Picking">
      <UniqueIdentifier>{bdcd9b8c-92d5-4aa1-bb8f-53459e431d6c}</UniqueIdentifier>
    </Filter>
  </ItemGroup>
  <ItemGroup>
    <Natvis Include="..\Include\glm\glm.natvis" />
  </ItemGroup>
  <ItemGroup>
    <ClCompile Include="pch.cpp" />
    <ClCompile Include="Source\Ai\AiManager.cpp">
      <Filter>Source Files\AI</Filter>
    </ClCompile>
    <ClCompile Include="Source\Audio\SystemAudio.cpp">
      <Filter>Source Files\Audio</Filter>
    </ClCompile>
    <ClCompile Include="Source\Collision\CollisionMathLib.cpp">
      <Filter>Source Files\Collision</Filter>
    </ClCompile>
    <ClCompile Include="Source\Collision\CollisionResolver.cpp">
      <Filter>Source Files\Collision</Filter>
    </ClCompile>
    <ClCompile Include="Source\Collision\Contact.cpp">
      <Filter>Source Files\Collision</Filter>
    </ClCompile>
    <ClCompile Include="Source\Collision\CSVReader.cpp">
      <Filter>Source Files\Collision</Filter>
    </ClCompile>
    <ClCompile Include="Source\Collision\SystemCollision.cpp">
      <Filter>Source Files\Collision</Filter>
    </ClCompile>
    <ClCompile Include="Source\Component\ComponentAnimation.cpp">
      <Filter>Source Files\Component</Filter>
    </ClCompile>
    <ClCompile Include="Source\Mono\Binding\Components\ComponentAnimationBind.cpp">
      <Filter>Source Files\Component</Filter>
    </ClCompile>
    <ClCompile Include="Source\Component\ComponentAudio.cpp">
      <Filter>Source Files\Component</Filter>
    </ClCompile>
    <ClCompile Include="Source\Component\ComponentCamera.cpp">
      <Filter>Source Files\Component</Filter>
    </ClCompile>
    <ClCompile Include="Source\Component\ComponentCanvas.cpp">
      <Filter>Source Files\Component</Filter>
    </ClCompile>
    <ClCompile Include="Source\Component\ComponentCauldronStats.cpp">
      <Filter>Source Files\Component</Filter>
    </ClCompile>
    <ClCompile Include="Source\Component\ComponentCollider.cpp">
      <Filter>Source Files\Component</Filter>
    </ClCompile>
    <ClCompile Include="Source\Mono\Binding\Components\ComponentColliderBind.cpp">
      <Filter>Source Files\Component</Filter>
    </ClCompile>
    <ClCompile Include="Source\Component\ComponentGraphics.cpp">
      <Filter>Source Files\Component</Filter>
    </ClCompile>
    <ClCompile Include="Source\Mono\Binding\Components\ComponentGraphicsBind.cpp">
      <Filter>Source Files\Component</Filter>
    </ClCompile>
    <ClCompile Include="Source\Component\ComponentLight.cpp">
      <Filter>Source Files\Component</Filter>
    </ClCompile>
    <ClCompile Include="Source\Mono\Binding\Components\ComponentLightBind.cpp">
      <Filter>Source Files\Component</Filter>
    </ClCompile>
    <ClCompile Include="Source\Component\ComponentLoadAudio.cpp">
      <Filter>Source Files\Component</Filter>
    </ClCompile>
    <ClCompile Include="Source\Component\ComponentManager.cpp">
      <Filter>Source Files\Component</Filter>
    </ClCompile>
    <ClCompile Include="Source\Component\ComponentMemoryManager.cpp">
      <Filter>Source Files\Component</Filter>
    </ClCompile>
    <ClCompile Include="Source\Mono\Binding\Components\ComponentNavigatorBind.cpp">
      <Filter>Source Files\Component</Filter>
    </ClCompile>
    <ClCompile Include="Source\Component\ComponentPlayerStats.cpp">
      <Filter>Source Files\Component</Filter>
    </ClCompile>
    <ClCompile Include="Source\Component\ComponentRigidBody.cpp">
      <Filter>Source Files\Component</Filter>
    </ClCompile>
    <ClCompile Include="Source\Mono\Binding\Components\ComponentRigidBodyBind.cpp">
      <Filter>Source Files\Component</Filter>
    </ClCompile>
    <ClCompile Include="Source\Component\Components.cpp">
      <Filter>Source Files\Component</Filter>
    </ClCompile>
    <ClCompile Include="Source\Component\ComponentScript.cpp">
      <Filter>Source Files\Component</Filter>
    </ClCompile>
    <ClCompile Include="Source\Component\ComponentTransform.cpp">
      <Filter>Source Files\Component</Filter>
    </ClCompile>
    <ClCompile Include="Source\Mono\Binding\Components\ComponentTransformBind.cpp">
      <Filter>Source Files\Component</Filter>
    </ClCompile>
    <ClCompile Include="Source\Component\ComponentVariables.cpp">
      <Filter>Source Files\Component</Filter>
    </ClCompile>
    <ClCompile Include="Source\Mono\Binding\Components\ComponentVariablesBind.cpp">
      <Filter>Source Files\Component</Filter>
    </ClCompile>
    <ClCompile Include="Source\Core\DeltaTime.cpp">
      <Filter>Source Files\Core</Filter>
    </ClCompile>
    <ClCompile Include="Source\Core\Engine.cpp">
      <Filter>Source Files\Core</Filter>
    </ClCompile>
    <ClCompile Include="Source\Core\SceneManager.cpp">
      <Filter>Source Files\Core</Filter>
    </ClCompile>
    <ClCompile Include="Source\Core\SystemManager.cpp">
      <Filter>Source Files\Core</Filter>
    </ClCompile>
    <ClCompile Include="Source\Core\Systems.cpp">
      <Filter>Source Files\Core</Filter>
    </ClCompile>
    <ClCompile Include="Source\Editor\PrefabManager.cpp">
      <Filter>Source Files\Editor</Filter>
    </ClCompile>
    <ClCompile Include="Source\Editor\SystemEditor.cpp">
      <Filter>Source Files\Editor</Filter>
    </ClCompile>
    <ClCompile Include="Source\Graphics\AnimationController.cpp">
      <Filter>Source Files\Graphics</Filter>
    </ClCompile>
    <ClCompile Include="Source\Graphics\AnimationSystem.cpp">
      <Filter>Source Files\Graphics</Filter>
    </ClCompile>
    <ClCompile Include="Source\Graphics\CameraSystem.cpp">
      <Filter>Source Files\Graphics</Filter>
    </ClCompile>
    <ClCompile Include="Source\Graphics\DebugManager.cpp">
      <Filter>Source Files\Graphics</Filter>
    </ClCompile>
    <ClCompile Include="Source\Graphics\GraphicsSystem.cpp">
      <Filter>Source Files\Graphics</Filter>
    </ClCompile>
    <ClCompile Include="Source\Graphics\LightSystem.cpp">
      <Filter>Source Files\Graphics</Filter>
    </ClCompile>
    <ClCompile Include="Source\Graphics\Mesh.cpp">
      <Filter>Source Files\Graphics</Filter>
    </ClCompile>
    <ClCompile Include="Source\Graphics\Model.cpp">
      <Filter>Source Files\Graphics</Filter>
    </ClCompile>
    <ClCompile Include="Source\Graphics\ModelLoader.cpp">
      <Filter>Source Files\Graphics</Filter>
    </ClCompile>
    <ClCompile Include="Source\Graphics\ModelManager.cpp">
      <Filter>Source Files\Graphics</Filter>
    </ClCompile>
    <ClCompile Include="Source\Graphics\ShaderSystem.cpp">
      <Filter>Source Files\Graphics</Filter>
    </ClCompile>
    <ClCompile Include="Source\Graphics\Skeleton.cpp">
      <Filter>Source Files\Graphics</Filter>
    </ClCompile>
    <ClCompile Include="Source\Graphics\TextureLoader.cpp">
      <Filter>Source Files\Graphics</Filter>
    </ClCompile>
    <ClCompile Include="Source\Graphics\TextureManager.cpp">
      <Filter>Source Files\Graphics</Filter>
    </ClCompile>
    <ClCompile Include="Source\Graphics\UISystem.cpp">
      <Filter>Source Files\Graphics</Filter>
    </ClCompile>
    <ClCompile Include="Source\Window\WndSystem.cpp">
      <Filter>Source Files\Window</Filter>
    </ClCompile>
    <ClCompile Include="Source\Physics\ForceManager.cpp">
      <Filter>Source Files\Physics</Filter>
    </ClCompile>
    <ClCompile Include="Source\Physics\SystemPhysics.cpp">
      <Filter>Source Files\Physics</Filter>
    </ClCompile>
    <ClCompile Include="Source\Mono\MonoWrapper.cpp">
      <Filter>Source Files\Mono</Filter>
    </ClCompile>
    <ClCompile Include="Source\Messaging\SystemBroadcaster.cpp">
      <Filter>Source Files\Messaging</Filter>
    </ClCompile>
    <ClCompile Include="Source\Messaging\SystemReceiver.cpp">
      <Filter>Source Files\Messaging</Filter>
    </ClCompile>
    <ClCompile Include="Source\Math\Matrix3x3.cpp">
      <Filter>Source Files\Math</Filter>
    </ClCompile>
    <ClCompile Include="Source\Math\Matrix4x4.cpp">
      <Filter>Source Files\Math</Filter>
    </ClCompile>
    <ClCompile Include="Source\Math\Vector.cpp">
      <Filter>Source Files\Math</Filter>
    </ClCompile>
    <ClCompile Include="Source\Logic\SystemLogic.cpp">
      <Filter>Source Files\Logic</Filter>
    </ClCompile>
    <ClCompile Include="Source\IO\SystemIO.cpp">
      <Filter>Source Files\IO</Filter>
    </ClCompile>
    <ClCompile Include="Source\Input\SI_Controller.cpp">
      <Filter>Source Files\Input</Filter>
    </ClCompile>
    <ClCompile Include="Source\Input\SI_KeyPress.cpp">
      <Filter>Source Files\Input</Filter>
    </ClCompile>
    <ClCompile Include="Source\Input\SI_MousePos.cpp">
      <Filter>Source Files\Input</Filter>
    </ClCompile>
    <ClCompile Include="Source\Input\SystemInput.cpp">
      <Filter>Source Files\Input</Filter>
    </ClCompile>
    <ClCompile Include="Source\Editor\LevelEditor\LevelEditor.cpp">
      <Filter>Source Files\Editor\LevelEditor</Filter>
    </ClCompile>
    <ClCompile Include="Source\Editor\imgui\imgui.cpp">
      <Filter>Source Files\Editor\imgui</Filter>
    </ClCompile>
    <ClCompile Include="Source\Editor\imgui\imgui_demo.cpp">
      <Filter>Source Files\Editor\imgui</Filter>
    </ClCompile>
    <ClCompile Include="Source\Editor\imgui\imgui_draw.cpp">
      <Filter>Source Files\Editor\imgui</Filter>
    </ClCompile>
    <ClCompile Include="Source\Editor\imgui\imgui_impl_opengl3.cpp">
      <Filter>Source Files\Editor\imgui</Filter>
    </ClCompile>
    <ClCompile Include="Source\Editor\imgui\imgui_impl_win32.cpp">
      <Filter>Source Files\Editor\imgui</Filter>
    </ClCompile>
    <ClCompile Include="Source\Editor\imgui\imgui_widgets.cpp">
      <Filter>Source Files\Editor\imgui</Filter>
    </ClCompile>
    <ClCompile Include="Source\Editor\imgui\imguizmo\ImCurveEdit.cpp">
      <Filter>Source Files\Editor\imgui\imguizmo</Filter>
    </ClCompile>
    <ClCompile Include="Source\Editor\imgui\imguizmo\ImGradient.cpp">
      <Filter>Source Files\Editor\imgui\imguizmo</Filter>
    </ClCompile>
    <ClCompile Include="Source\Editor\imgui\imguizmo\ImGuizmo.cpp">
      <Filter>Source Files\Editor\imgui\imguizmo</Filter>
    </ClCompile>
    <ClCompile Include="Source\Editor\imgui\imguizmo\ImSequencer.cpp">
      <Filter>Source Files\Editor\imgui\imguizmo</Filter>
    </ClCompile>
    <ClCompile Include="Source\IO\Json\JsonFunction.cpp">
      <Filter>Source Files\IO\Json</Filter>
    </ClCompile>
    <ClCompile Include="Source\IO\Json\Parser.cpp">
      <Filter>Source Files\IO\Json</Filter>
    </ClCompile>
    <ClCompile Include="Source\Mono\Binding\Binder.cpp">
      <Filter>Source Files\Mono\Binding</Filter>
    </ClCompile>
    <ClCompile Include="Source\Mono\Binding\CustomTypes\Vector3DBind.cpp">
      <Filter>Source Files\Mono\Binding\CustomTypes</Filter>
    </ClCompile>
    <ClCompile Include="Source\Mono\Binding\Systems\AudioBind.cpp">
      <Filter>Source Files\Mono\Binding\Systems</Filter>
    </ClCompile>
    <ClCompile Include="Source\Mono\Binding\Systems\CameraBind.cpp">
      <Filter>Source Files\Mono\Binding\Systems</Filter>
    </ClCompile>
    <ClCompile Include="Source\Mono\Binding\Systems\ECSBind.cpp">
      <Filter>Source Files\Mono\Binding\Systems</Filter>
    </ClCompile>
    <ClCompile Include="Source\Mono\Binding\Systems\ForceBind.cpp">
      <Filter>Source Files\Mono\Binding\Systems</Filter>
    </ClCompile>
    <ClCompile Include="Source\Mono\Binding\Systems\InputBind.cpp">
      <Filter>Source Files\Mono\Binding\Systems</Filter>
    </ClCompile>
    <ClCompile Include="Source\Component\ComponentCScript.cpp">
      <Filter>Source Files\Component</Filter>
    </ClCompile>
    <ClCompile Include="Source\Mono\Binding\Components\ComponentCanvasBind.cpp">
      <Filter>Source Files\Mono\Binding\Components</Filter>
    </ClCompile>
    <ClCompile Include="Source\Mono\Binding\CustomTypes\UIElementBind.cpp">
      <Filter>Source Files\Mono\Binding\CustomTypes</Filter>
    </ClCompile>
    <ClCompile Include="Source\Debug\DebugDiagnostic.cpp">
      <Filter>Source Files\Debug</Filter>
    </ClCompile>
    <ClCompile Include="Source\Debug\DebugToStream.cpp">
      <Filter>Source Files\Debug</Filter>
    </ClCompile>
    <ClCompile Include="Source\Editor\LevelEditor\LevelEditor_AssetInsp.cpp">
      <Filter>Source Files\Editor\LevelEditor\Asset Inspector</Filter>
    </ClCompile>
    <ClCompile Include="Source\Editor\LevelEditor\LevelEditor_Console.cpp">
      <Filter>Source Files\Editor\LevelEditor\Console</Filter>
    </ClCompile>
    <ClCompile Include="Source\Editor\LevelEditor\LevelEditor_Hierarchy.cpp">
      <Filter>Source Files\Editor\LevelEditor\Hierarchy</Filter>
    </ClCompile>
    <ClCompile Include="Source\Editor\LevelEditor\LevelEditor_Inspector.cpp">
      <Filter>Source Files\Editor\LevelEditor\Object Inspector</Filter>
    </ClCompile>
    <ClCompile Include="Source\Editor\LevelEditor\LevelEditor_PerfMetrics.cpp">
      <Filter>Source Files\Editor\LevelEditor\Performance Metrics</Filter>
    </ClCompile>
    <ClCompile Include="Source\Editor\LevelEditor\CpuUsage.cpp">
      <Filter>Source Files\Editor\LevelEditor\Helper</Filter>
    </ClCompile>
    <ClCompile Include="Source\Editor\LevelEditor\WindowsDialogBox.cpp">
      <Filter>Source Files\Editor\LevelEditor\Helper</Filter>
    </ClCompile>
    <ClCompile Include="Source\Editor\LevelEditor\LevelEditor_CSVTag.cpp">
      <Filter>Source Files\Editor\LevelEditor\CSV Tags</Filter>
    </ClCompile>
    <ClCompile Include="Source\Editor\LevelEditor\LevelEditor_MainMenuBar.cpp">
      <Filter>Source Files\Editor\LevelEditor\Main Menu Bar</Filter>
    </ClCompile>
    <ClCompile Include="Source\Editor\LevelEditor\LevelEditor_DropDowns.cpp">
      <Filter>Source Files\Editor\LevelEditor\Imgui</Filter>
    </ClCompile>
    <ClCompile Include="Source\Editor\LevelEditor\LevelEditor_InputProperties.cpp">
      <Filter>Source Files\Editor\LevelEditor\Imgui</Filter>
    </ClCompile>
    <ClCompile Include="Source\Editor\LevelEditor\LevelEditor_Picking.cpp">
      <Filter>Source Files\Editor\LevelEditor\Picking</Filter>
    </ClCompile>
    <ClCompile Include="Source\Graphics\Animation.cpp">
      <Filter>Source Files\Graphics</Filter>
    </ClCompile>
    <ClCompile Include="Source\Component\ComponentWayPoint.cpp">
      <Filter>Source Files\AI</Filter>
    </ClCompile>
    <ClCompile Include="Source\Graphics\Particle.cpp" />
    <ClCompile Include="Source\Component\ComponentEmitter.cpp" />
    <ClCompile Include="Source\Graphics\SystemEmitter.cpp" />
    <ClCompile Include="Source\Graphics\Emitter.cpp" />
  </ItemGroup>
  <ItemGroup>
    <ClInclude Include="framework.h" />
    <ClInclude Include="ISerializable.h" />
    <ClInclude Include="pch.h" />
    <ClInclude Include="Source\Ai\AiManager.h">
      <Filter>Source Files\AI</Filter>
    </ClInclude>
    <ClInclude Include="Source\Ai\WayPointManager.h">
      <Filter>Source Files\AI</Filter>
    </ClInclude>
    <ClInclude Include="Source\Audio\SystemAudio.h">
      <Filter>Source Files\Audio</Filter>
    </ClInclude>
    <ClInclude Include="Source\Collision\CollisionDebugLines.h">
      <Filter>Source Files\Collision</Filter>
    </ClInclude>
    <ClInclude Include="Source\Collision\CollisionMathLib.h">
      <Filter>Source Files\Collision</Filter>
    </ClInclude>
    <ClInclude Include="Source\Collision\CollisionResolver.h">
      <Filter>Source Files\Collision</Filter>
    </ClInclude>
    <ClInclude Include="Source\Collision\Contact.h">
      <Filter>Source Files\Collision</Filter>
    </ClInclude>
    <ClInclude Include="Source\Collision\CSVReader.h">
      <Filter>Source Files\Collision</Filter>
    </ClInclude>
    <ClInclude Include="Source\Collision\SystemCollision.h">
      <Filter>Source Files\Collision</Filter>
    </ClInclude>
    <ClInclude Include="Source\Component\ComponentAnimation.h">
      <Filter>Source Files\Component</Filter>
    </ClInclude>
    <ClInclude Include="Source\Mono\Binding\Components\ComponentAnimationBind.h">
      <Filter>Source Files\Component</Filter>
    </ClInclude>
    <ClInclude Include="Source\Component\ComponentAudio.h">
      <Filter>Source Files\Component</Filter>
    </ClInclude>
    <ClInclude Include="Source\Component\ComponentCamera.h">
      <Filter>Source Files\Component</Filter>
    </ClInclude>
    <ClInclude Include="Source\Component\ComponentCanvas.h">
      <Filter>Source Files\Component</Filter>
    </ClInclude>
    <ClInclude Include="Source\Component\ComponentCauldronStats.h">
      <Filter>Source Files\Component</Filter>
    </ClInclude>
    <ClInclude Include="Source\Component\ComponentCollider.h">
      <Filter>Source Files\Component</Filter>
    </ClInclude>
    <ClInclude Include="Source\Mono\Binding\Components\ComponentColliderBind.h">
      <Filter>Source Files\Component</Filter>
    </ClInclude>
    <ClInclude Include="Source\Component\ComponentGraphics.h">
      <Filter>Source Files\Component</Filter>
    </ClInclude>
    <ClInclude Include="Source\Mono\Binding\Components\ComponentGraphicsBind.h">
      <Filter>Source Files\Component</Filter>
    </ClInclude>
    <ClInclude Include="Source\Component\ComponentLight.h">
      <Filter>Source Files\Component</Filter>
    </ClInclude>
    <ClInclude Include="Source\Mono\Binding\Components\ComponentLightBind.h">
      <Filter>Source Files\Component</Filter>
    </ClInclude>
    <ClInclude Include="Source\Component\ComponentLoadAudio.h">
      <Filter>Source Files\Component</Filter>
    </ClInclude>
    <ClInclude Include="Source\Component\ComponentManager.h">
      <Filter>Source Files\Component</Filter>
    </ClInclude>
    <ClInclude Include="Source\Component\ComponentManagerTypedefs.h">
      <Filter>Source Files\Component</Filter>
    </ClInclude>
    <ClInclude Include="Source\Component\ComponentMemoryManager.h">
      <Filter>Source Files\Component</Filter>
    </ClInclude>
    <ClInclude Include="Source\Component\ComponentNavigator.h">
      <Filter>Source Files\Component</Filter>
    </ClInclude>
    <ClInclude Include="Source\Mono\Binding\Components\ComponentNavigatorBind.h">
      <Filter>Source Files\Component</Filter>
    </ClInclude>
    <ClInclude Include="Source\Component\ComponentPath.h">
      <Filter>Source Files\Component</Filter>
    </ClInclude>
    <ClInclude Include="Source\Component\ComponentPlayerStats.h">
      <Filter>Source Files\Component</Filter>
    </ClInclude>
    <ClInclude Include="Source\Component\ComponentRigidBody.h">
      <Filter>Source Files\Component</Filter>
    </ClInclude>
    <ClInclude Include="Source\Mono\Binding\Components\ComponentRigidBodyBind.h">
      <Filter>Source Files\Component</Filter>
    </ClInclude>
    <ClInclude Include="Source\Component\Components.h">
      <Filter>Source Files\Component</Filter>
    </ClInclude>
    <ClInclude Include="Source\Component\ComponentScript.h">
      <Filter>Source Files\Component</Filter>
    </ClInclude>
    <ClInclude Include="Source\Component\ComponentTest.h">
      <Filter>Source Files\Component</Filter>
    </ClInclude>
    <ClInclude Include="Source\Component\ComponentTransform.h">
      <Filter>Source Files\Component</Filter>
    </ClInclude>
    <ClInclude Include="Source\Mono\Binding\Components\ComponentTransformBind.h">
      <Filter>Source Files\Component</Filter>
    </ClInclude>
    <ClInclude Include="Source\Component\ComponentVariables.h">
      <Filter>Source Files\Component</Filter>
    </ClInclude>
    <ClInclude Include="Source\Mono\Binding\Components\ComponentVariablesBind.h">
      <Filter>Source Files\Component</Filter>
    </ClInclude>
    <ClInclude Include="Source\Component\LocalString.h">
      <Filter>Source Files\Component</Filter>
    </ClInclude>
    <ClInclude Include="Source\Component\LocalVector.h">
      <Filter>Source Files\Component</Filter>
    </ClInclude>
    <ClInclude Include="Source\Component\MemoryThingy.h">
      <Filter>Source Files\Component</Filter>
    </ClInclude>
    <ClInclude Include="Source\Core\DeltaTime.h">
      <Filter>Source Files\Core</Filter>
    </ClInclude>
    <ClInclude Include="Source\Core\Engine.h">
      <Filter>Source Files\Core</Filter>
    </ClInclude>
    <ClInclude Include="Source\Core\ISystem.h">
      <Filter>Source Files\Core</Filter>
    </ClInclude>
    <ClInclude Include="Source\Core\MySystem.h">
      <Filter>Source Files\Core</Filter>
    </ClInclude>
    <ClInclude Include="Source\Core\SceneManager.h">
      <Filter>Source Files\Core</Filter>
    </ClInclude>
    <ClInclude Include="Source\Core\Singleton.h">
      <Filter>Source Files\Core</Filter>
    </ClInclude>
    <ClInclude Include="Source\Core\SystemManager.h">
      <Filter>Source Files\Core</Filter>
    </ClInclude>
    <ClInclude Include="Source\Core\Systems.h">
      <Filter>Source Files\Core</Filter>
    </ClInclude>
    <ClInclude Include="Source\Editor\PrefabManager.h">
      <Filter>Source Files\Editor</Filter>
    </ClInclude>
    <ClInclude Include="Source\Editor\SystemEditor.h">
      <Filter>Source Files\Editor</Filter>
    </ClInclude>
    <ClInclude Include="Source\Graphics\AnimationSystem.h">
      <Filter>Source Files\Graphics</Filter>
    </ClInclude>
    <ClInclude Include="Source\Graphics\AnimationController.h">
      <Filter>Source Files\Graphics</Filter>
    </ClInclude>
    <ClInclude Include="Source\Graphics\Camera.h">
      <Filter>Source Files\Graphics</Filter>
    </ClInclude>
    <ClInclude Include="Source\Graphics\CameraSystem.h">
      <Filter>Source Files\Graphics</Filter>
    </ClInclude>
    <ClInclude Include="Source\Graphics\DebugManager.h">
      <Filter>Source Files\Graphics</Filter>
    </ClInclude>
    <ClInclude Include="Source\Graphics\GraphicsSystem.h">
      <Filter>Source Files\Graphics</Filter>
    </ClInclude>
    <ClInclude Include="Source\Graphics\Lights.h">
      <Filter>Source Files\Graphics</Filter>
    </ClInclude>
    <ClInclude Include="Source\Graphics\LightSystem.h">
      <Filter>Source Files\Graphics</Filter>
    </ClInclude>
    <ClInclude Include="Source\Graphics\Mesh.h">
      <Filter>Source Files\Graphics</Filter>
    </ClInclude>
    <ClInclude Include="Source\Graphics\Model.h">
      <Filter>Source Files\Graphics</Filter>
    </ClInclude>
    <ClInclude Include="Source\Graphics\ModelLoader.h">
      <Filter>Source Files\Graphics</Filter>
    </ClInclude>
    <ClInclude Include="Source\Graphics\ModelManager.h">
      <Filter>Source Files\Graphics</Filter>
    </ClInclude>
    <ClInclude Include="Source\Graphics\ShaderSystem.h">
      <Filter>Source Files\Graphics</Filter>
    </ClInclude>
    <ClInclude Include="Source\Graphics\Skeleton.h">
      <Filter>Source Files\Graphics</Filter>
    </ClInclude>
    <ClInclude Include="Source\Graphics\TextureLoader.h">
      <Filter>Source Files\Graphics</Filter>
    </ClInclude>
    <ClInclude Include="Source\Graphics\TextureManager.h">
      <Filter>Source Files\Graphics</Filter>
    </ClInclude>
    <ClInclude Include="Source\Graphics\UISystem.h">
      <Filter>Source Files\Graphics</Filter>
    </ClInclude>
    <ClInclude Include="Source\Window\WndUtils.h">
      <Filter>Source Files\Window</Filter>
    </ClInclude>
    <ClInclude Include="Source\Window\WndSystem.h">
      <Filter>Source Files\Window</Filter>
    </ClInclude>
    <ClInclude Include="Source\Physics\ForceManager.h">
      <Filter>Source Files\Physics</Filter>
    </ClInclude>
    <ClInclude Include="Source\Physics\SystemPhysics.h">
      <Filter>Source Files\Physics</Filter>
    </ClInclude>
    <ClInclude Include="Source\Mono\MonoWrapper.h">
      <Filter>Source Files\Mono</Filter>
    </ClInclude>
    <ClInclude Include="Source\Messaging\SystemBroadcaster.h">
      <Filter>Source Files\Messaging</Filter>
    </ClInclude>
    <ClInclude Include="Source\Messaging\SystemIMessage.h">
      <Filter>Source Files\Messaging</Filter>
    </ClInclude>
    <ClInclude Include="Source\Messaging\SystemReceiver.h">
      <Filter>Source Files\Messaging</Filter>
    </ClInclude>
    <ClInclude Include="Source\Math\Matrix3x3.h">
      <Filter>Source Files\Math</Filter>
    </ClInclude>
    <ClInclude Include="Source\Math\Matrix4x4.h">
      <Filter>Source Files\Math</Filter>
    </ClInclude>
    <ClInclude Include="Source\Math\Vector.h">
      <Filter>Source Files\Math</Filter>
    </ClInclude>
    <ClInclude Include="Source\Logic\SystemLogic.h">
      <Filter>Source Files\Logic</Filter>
    </ClInclude>
    <ClInclude Include="Source\IO\SystemIO.h">
      <Filter>Source Files\IO</Filter>
    </ClInclude>
    <ClInclude Include="Source\Input\SI_MousePos.h">
      <Filter>Source Files\Input</Filter>
    </ClInclude>
    <ClInclude Include="Source\Input\SI_Controller.h">
      <Filter>Source Files\Input</Filter>
    </ClInclude>
    <ClInclude Include="Source\Input\SI_KeyPress.h">
      <Filter>Source Files\Input</Filter>
    </ClInclude>
    <ClInclude Include="Source\Input\SystemInput.h">
      <Filter>Source Files\Input</Filter>
    </ClInclude>
    <ClInclude Include="Source\Editor\LevelEditor\LevelEditor_ECHelper.h">
      <Filter>Source Files\Editor\LevelEditor</Filter>
    </ClInclude>
    <ClInclude Include="Source\Editor\LevelEditor\LevelEditor.h">
      <Filter>Source Files\Editor\LevelEditor</Filter>
    </ClInclude>
    <ClInclude Include="Source\Editor\imgui\imgui.h">
      <Filter>Source Files\Editor\imgui</Filter>
    </ClInclude>
    <ClInclude Include="Source\Editor\imgui\imgui_impl_opengl3.h">
      <Filter>Source Files\Editor\imgui</Filter>
    </ClInclude>
    <ClInclude Include="Source\Editor\imgui\imgui_impl_win32.h">
      <Filter>Source Files\Editor\imgui</Filter>
    </ClInclude>
    <ClInclude Include="Source\Editor\imgui\imconfig.h">
      <Filter>Source Files\Editor\imgui</Filter>
    </ClInclude>
    <ClInclude Include="Source\Editor\imgui\imgui_internal.h">
      <Filter>Source Files\Editor\imgui</Filter>
    </ClInclude>
    <ClInclude Include="Source\Editor\imgui\imstb_rectpack.h">
      <Filter>Source Files\Editor\imgui</Filter>
    </ClInclude>
    <ClInclude Include="Source\Editor\imgui\imstb_textedit.h">
      <Filter>Source Files\Editor\imgui</Filter>
    </ClInclude>
    <ClInclude Include="Source\Editor\imgui\imstb_truetype.h">
      <Filter>Source Files\Editor\imgui</Filter>
    </ClInclude>
    <ClInclude Include="Source\Editor\imgui\imguizmo\ImCurveEdit.h">
      <Filter>Source Files\Editor\imgui\imguizmo</Filter>
    </ClInclude>
    <ClInclude Include="Source\Editor\imgui\imguizmo\ImGradient.h">
      <Filter>Source Files\Editor\imgui\imguizmo</Filter>
    </ClInclude>
    <ClInclude Include="Source\Editor\imgui\imguizmo\ImGuizmo.h">
      <Filter>Source Files\Editor\imgui\imguizmo</Filter>
    </ClInclude>
    <ClInclude Include="Source\Editor\imgui\imguizmo\ImSequencer.h">
      <Filter>Source Files\Editor\imgui\imguizmo</Filter>
    </ClInclude>
    <ClInclude Include="Source\IO\Json\Config.h">
      <Filter>Source Files\IO\Json</Filter>
    </ClInclude>
    <ClInclude Include="Source\IO\Json\JsonFunction.h">
      <Filter>Source Files\IO\Json</Filter>
    </ClInclude>
    <ClInclude Include="Source\IO\Json\JsonHeader.h">
      <Filter>Source Files\IO\Json</Filter>
    </ClInclude>
    <ClInclude Include="Source\IO\Json\Parser.h">
      <Filter>Source Files\IO\Json</Filter>
    </ClInclude>
    <ClInclude Include="Source\IO\Json\Parser.hpp">
      <Filter>Source Files\IO\Json</Filter>
    </ClInclude>
    <ClInclude Include="Source\Messaging\Messages\MessageApplicationExit.h">
      <Filter>Source Files\Messaging\Messages</Filter>
    </ClInclude>
    <ClInclude Include="Source\Messaging\Messages\MessageScriptRequest.h">
      <Filter>Source Files\Messaging\Messages</Filter>
    </ClInclude>
    <ClInclude Include="Source\Messaging\Messages\MessageTogglePlay.h">
      <Filter>Source Files\Messaging\Messages</Filter>
    </ClInclude>
    <ClInclude Include="Source\Mono\Binding\AllBindings.h">
      <Filter>Source Files\Mono\Binding</Filter>
    </ClInclude>
    <ClInclude Include="Source\Mono\Binding\Binder.h">
      <Filter>Source Files\Mono\Binding</Filter>
    </ClInclude>
    <ClInclude Include="Source\Mono\Binding\CustomTypes\Vector3DBind.h">
      <Filter>Source Files\Mono\Binding\CustomTypes</Filter>
    </ClInclude>
    <ClInclude Include="Source\Mono\Binding\Systems\AudioBind.h">
      <Filter>Source Files\Mono\Binding\Systems</Filter>
    </ClInclude>
    <ClInclude Include="Source\Mono\Binding\Systems\CameraBind.h">
      <Filter>Source Files\Mono\Binding\Systems</Filter>
    </ClInclude>
    <ClInclude Include="Source\Mono\Binding\Systems\ECSBind.h">
      <Filter>Source Files\Mono\Binding\Systems</Filter>
    </ClInclude>
    <ClInclude Include="Source\Mono\Binding\Systems\ForceBind.h">
      <Filter>Source Files\Mono\Binding\Systems</Filter>
    </ClInclude>
    <ClInclude Include="Source\Mono\Binding\Systems\InputBind.h">
      <Filter>Source Files\Mono\Binding\Systems</Filter>
    </ClInclude>
    <ClInclude Include="Source\Component\ComponentCScript.h">
      <Filter>Source Files\Component</Filter>
    </ClInclude>
    <ClInclude Include="Source\Mono\Binding\Components\ComponentCanvasBind.h">
      <Filter>Source Files\Mono\Binding\Components</Filter>
    </ClInclude>
    <ClInclude Include="Source\Mono\Binding\CustomTypes\UIElementBind.h">
      <Filter>Source Files\Mono\Binding\CustomTypes</Filter>
    </ClInclude>
    <ClInclude Include="Source\Debug\DebugDiagnostic.h">
      <Filter>Source Files\Debug</Filter>
    </ClInclude>
    <ClInclude Include="Source\Debug\DebugToStream.h">
      <Filter>Source Files\Debug</Filter>
    </ClInclude>
    <ClInclude Include="Source\Editor\LevelEditor\LevelEditor_AssetInsp.h">
      <Filter>Source Files\Editor\LevelEditor\Asset Inspector</Filter>
    </ClInclude>
    <ClInclude Include="Source\Editor\LevelEditor\LevelEditor_Console.h">
      <Filter>Source Files\Editor\LevelEditor\Console</Filter>
    </ClInclude>
    <ClInclude Include="Source\Editor\LevelEditor\LevelEditor_Hierarchy.h">
      <Filter>Source Files\Editor\LevelEditor\Hierarchy</Filter>
    </ClInclude>
    <ClInclude Include="Source\Editor\LevelEditor\LevelEditor_Inspector.h">
      <Filter>Source Files\Editor\LevelEditor\Object Inspector</Filter>
    </ClInclude>
    <ClInclude Include="Source\Editor\LevelEditor\LevelEditor_PerfMetrics.h">
      <Filter>Source Files\Editor\LevelEditor\Performance Metrics</Filter>
    </ClInclude>
    <ClInclude Include="Source\Editor\LevelEditor\CpuUsage.h">
      <Filter>Source Files\Editor\LevelEditor\Helper</Filter>
    </ClInclude>
    <ClInclude Include="Source\Editor\LevelEditor\WindowsDialogBox.h">
      <Filter>Source Files\Editor\LevelEditor\Helper</Filter>
    </ClInclude>
    <ClInclude Include="Source\Editor\LevelEditor\LevelEditor_CSVTag.h">
      <Filter>Source Files\Editor\LevelEditor\CSV Tags</Filter>
    </ClInclude>
    <ClInclude Include="Source\Editor\LevelEditor\LevelEditor_TemplateFuncs.hpp">
      <Filter>Source Files\Editor\LevelEditor\Imgui</Filter>
    </ClInclude>
    <ClInclude Include="Source\Editor\LevelEditor\LevelEditor_Picking.h">
      <Filter>Source Files\Editor\LevelEditor\Picking</Filter>
    </ClInclude>
    <ClInclude Include="Source\Graphics\Animation.h">
      <Filter>Source Files\Graphics</Filter>
    </ClInclude>
    <ClInclude Include="Source\Graphics\Particle.h" />
    <ClInclude Include="Source\Component\ComponentEmitter.h" />
    <ClInclude Include="Source\Graphics\SystemEmitter.h" />
    <ClInclude Include="Source\Ai\AiGraph.h">
      <Filter>Source Files\AI</Filter>
    </ClInclude>
    <ClInclude Include="Source\Graphics\Emitter.h" />
  </ItemGroup>
  <ItemGroup>
    <Library Include="..\Bin\fmod_vc.lib" />
  </ItemGroup>
  <ItemGroup>
    <Text Include="Source\Messaging\System_Messaging_Readme.txt">
      <Filter>Source Files\Messaging</Filter>
    </Text>
  </ItemGroup>
</Project>