<?xml version="1.0" encoding="utf-8"?>
<Project ToolsVersion="4.0" xmlns="http://schemas.microsoft.com/developer/msbuild/2003">
  <ItemGroup>
    <Filter Include="Source Files">
      <UniqueIdentifier>{4FC737F1-C7A5-4376-A066-2A32D752A2FF}</UniqueIdentifier>
      <Extensions>cpp;c;cc;cxx;def;odl;idl;hpj;bat;asm;asmx</Extensions>
    </Filter>
    <Filter Include="Header Files">
      <UniqueIdentifier>{93995380-89BD-4b04-88EB-625FBE52EBFB}</UniqueIdentifier>
      <Extensions>h;hh;hpp;hxx;hm;inl;inc;ipp;xsd</Extensions>
    </Filter>
    <Filter Include="Resource Files">
      <UniqueIdentifier>{67DA6AB6-F800-4c08-8B7A-83BB121AAD01}</UniqueIdentifier>
      <Extensions>rc;ico;cur;bmp;dlg;rc2;rct;bin;rgs;gif;jpg;jpeg;jpe;resx;tiff;tif;png;wav;mfcribbon-ms</Extensions>
    </Filter>
    <Filter Include="Source Files\Audio">
      <UniqueIdentifier>{690ed57f-f1d8-4062-b40c-29b6d2f2121c}</UniqueIdentifier>
    </Filter>
    <Filter Include="Source Files\Component">
      <UniqueIdentifier>{65da2e35-9cbb-4199-92d3-7b83c93c18b6}</UniqueIdentifier>
    </Filter>
    <Filter Include="Source Files\Core">
      <UniqueIdentifier>{fca79de9-5c3c-4c8d-af96-f539fddf6b88}</UniqueIdentifier>
    </Filter>
    <Filter Include="Source Files\Editor">
      <UniqueIdentifier>{c21ac359-03ee-4aef-a451-77d7a20e12e6}</UniqueIdentifier>
    </Filter>
    <Filter Include="Source Files\Graphics">
      <UniqueIdentifier>{b5037201-fcb3-4d49-9063-80321e830578}</UniqueIdentifier>
    </Filter>
    <Filter Include="Source Files\Input">
      <UniqueIdentifier>{6ab385ce-7091-47c1-94ee-84ca2bfc480f}</UniqueIdentifier>
    </Filter>
    <Filter Include="Source Files\IO">
      <UniqueIdentifier>{91e0fd4f-b248-4991-81e9-eeed5f9a63e2}</UniqueIdentifier>
    </Filter>
    <Filter Include="Source Files\Logic">
      <UniqueIdentifier>{95e54b84-bd5f-4941-b089-3dce83137fba}</UniqueIdentifier>
    </Filter>
    <Filter Include="Source Files\Messaging">
      <UniqueIdentifier>{66544706-2fbb-4b3c-82dd-71b354f88d70}</UniqueIdentifier>
    </Filter>
    <Filter Include="Source Files\Physics">
      <UniqueIdentifier>{866c6f0c-9466-4dba-9244-8fe3e7de9c05}</UniqueIdentifier>
    </Filter>
    <Filter Include="Source Files\Math">
      <UniqueIdentifier>{d30951f3-6878-484f-83ea-7557573e4ec1}</UniqueIdentifier>
    </Filter>
    <Filter Include="Source Files\IO\Json">
      <UniqueIdentifier>{f09c9436-0756-4a00-951c-207781b0ff30}</UniqueIdentifier>
    </Filter>
    <Filter Include="Source Files\Window">
      <UniqueIdentifier>{d1cbd245-3262-4f22-8988-1a1ff1a0f593}</UniqueIdentifier>
    </Filter>
  </ItemGroup>
  <ItemGroup>
    <ClInclude Include="framework.h">
      <Filter>Header Files</Filter>
    </ClInclude>
    <ClInclude Include="pch.h">
      <Filter>Header Files</Filter>
    </ClInclude>
    <ClInclude Include="Source\Audio\SystemAudio.h">
      <Filter>Source Files\Audio</Filter>
    </ClInclude>
    <ClInclude Include="Source\Component\ComponentManager.h">
      <Filter>Source Files\Component</Filter>
    </ClInclude>
    <ClInclude Include="Source\Component\ComponentMemoryManager.h">
      <Filter>Source Files\Component</Filter>
    </ClInclude>
    <ClInclude Include="Source\Component\Components.h">
      <Filter>Source Files\Component</Filter>
    </ClInclude>
    <ClInclude Include="Source\Component\ComponentTest.h">
      <Filter>Source Files\Component</Filter>
    </ClInclude>
    <ClInclude Include="Source\Core\Engine.h">
      <Filter>Source Files\Core</Filter>
    </ClInclude>
    <ClInclude Include="Source\Core\Systems.h">
      <Filter>Source Files\Core</Filter>
    </ClInclude>
    <ClInclude Include="Source\Editor\SystemEditor.h">
      <Filter>Source Files\Editor</Filter>
    </ClInclude>
    <ClInclude Include="Source\Input\SI_Controller.h">
      <Filter>Source Files\Input</Filter>
    </ClInclude>
    <ClInclude Include="Source\Input\SI_KeyPress.h">
      <Filter>Source Files\Input</Filter>
    </ClInclude>
    <ClInclude Include="Source\Input\SI_MousePos.h">
      <Filter>Source Files\Input</Filter>
    </ClInclude>
    <ClInclude Include="Source\Input\SystemInput.h">
      <Filter>Source Files\Input</Filter>
    </ClInclude>
    <ClInclude Include="Source\IO\SystemIO.h">
      <Filter>Source Files\IO</Filter>
    </ClInclude>
    <ClInclude Include="Source\Logic\SystemLogic.h">
      <Filter>Source Files\Logic</Filter>
    </ClInclude>
    <ClInclude Include="Source\Messaging\SystemBroadcaster.h">
      <Filter>Source Files\Messaging</Filter>
    </ClInclude>
    <ClInclude Include="Source\Messaging\SystemIMessage.h">
      <Filter>Source Files\Messaging</Filter>
    </ClInclude>
    <ClInclude Include="Source\Messaging\SystemReceiver.h">
      <Filter>Source Files\Messaging</Filter>
    </ClInclude>
    <ClInclude Include="Source\Physics\SystemPhysics.h">
      <Filter>Source Files\Physics</Filter>
    </ClInclude>
    <ClInclude Include="Source\Core\ISystem.h">
      <Filter>Source Files\Core</Filter>
    </ClInclude>
    <ClInclude Include="Source\Math\Matrix3x3.h">
      <Filter>Source Files\Math</Filter>
    </ClInclude>
    <ClInclude Include="Source\Math\Matrix4x4.h">
      <Filter>Source Files\Math</Filter>
    </ClInclude>
    <ClInclude Include="Source\Math\Vector.h">
      <Filter>Source Files\Math</Filter>
    </ClInclude>
    <ClInclude Include="Source\Core\SystemManager.h">
      <Filter>Source Files\Core</Filter>
    </ClInclude>
    <ClInclude Include="Source\Core\Singleton.h">
      <Filter>Source Files\Core</Filter>
    </ClInclude>
    <ClInclude Include="Source\Core\MySystem.h">
      <Filter>Source Files\Core</Filter>
    </ClInclude>
    <ClInclude Include="Source\Component\ComponentTransform.h">
      <Filter>Source Files\Component</Filter>
    </ClInclude>
    <ClInclude Include="Source\Physics\CollisionMathLib.h">
      <Filter>Source Files\Physics</Filter>
    </ClInclude>
    <ClInclude Include="Source\Core\DeltaTime.h">
      <Filter>Source Files\Core</Filter>
    </ClInclude>
    <ClInclude Include="Source\IO\Json\Config.h">
      <Filter>Source Files\IO\Json</Filter>
    </ClInclude>
    <ClInclude Include="Source\IO\Json\JsonHeader.h">
      <Filter>Source Files\IO\Json</Filter>
    </ClInclude>
    <ClInclude Include="Source\IO\Json\Parser.h">
      <Filter>Source Files\IO\Json</Filter>
    </ClInclude>
    <ClInclude Include="Source\IO\Json\Parser.hpp">
      <Filter>Source Files\IO\Json</Filter>
    </ClInclude>
    <ClInclude Include="Source\Component\ComponentRigidBody.h">
      <Filter>Source Files\Component</Filter>
    </ClInclude>
    <ClInclude Include="Source\Component\ComponentCollider.h">
      <Filter>Source Files\Component</Filter>
    </ClInclude>
    <ClInclude Include="Source\Window\WndSystem.h">
      <Filter>Source Files\Window</Filter>
    </ClInclude>
    <ClInclude Include="Source\Window\WndUtils.h">
      <Filter>Source Files\Window</Filter>
    </ClInclude>
    <ClInclude Include="Source\Graphics\CameraSystem.h">
      <Filter>Source Files\Graphics</Filter>
    </ClInclude>
    <ClInclude Include="Source\Graphics\DebugManager.h">
      <Filter>Source Files\Graphics</Filter>
    </ClInclude>
    <ClInclude Include="Source\Graphics\GraphicsSystem.h">
      <Filter>Source Files\Graphics</Filter>
    </ClInclude>
    <ClInclude Include="Source\Graphics\LightSystem.h">
      <Filter>Source Files\Graphics</Filter>
    </ClInclude>
    <ClInclude Include="Source\Graphics\Mesh.h">
      <Filter>Source Files\Graphics</Filter>
    </ClInclude>
    <ClInclude Include="Source\Graphics\ModelLoader.h">
      <Filter>Source Files\Graphics</Filter>
    </ClInclude>
    <ClInclude Include="Source\Graphics\ModelManager.h">
      <Filter>Source Files\Graphics</Filter>
    </ClInclude>
    <ClInclude Include="Source\Graphics\ShaderSystem.h">
      <Filter>Source Files\Graphics</Filter>
    </ClInclude>
    <ClInclude Include="Source\Graphics\TextureLoader.h">
      <Filter>Source Files\Graphics</Filter>
    </ClInclude>
    <ClInclude Include="Source\Component\LocalVector.h">
      <Filter>Source Files\Component</Filter>
    </ClInclude>
    <ClInclude Include="Source\Graphics\Model.h">
      <Filter>Source Files\Graphics</Filter>
    </ClInclude>
  </ItemGroup>
  <ItemGroup>
    <ClCompile Include="pch.cpp">
      <Filter>Source Files</Filter>
    </ClCompile>
    <ClCompile Include="Source\Audio\SystemAudio.cpp">
      <Filter>Source Files\Audio</Filter>
    </ClCompile>
    <ClCompile Include="Source\Component\ComponentManager.cpp">
      <Filter>Source Files\Component</Filter>
    </ClCompile>
    <ClCompile Include="Source\Component\ComponentMemoryManager.cpp">
      <Filter>Source Files\Component</Filter>
    </ClCompile>
    <ClCompile Include="Source\Component\Components.cpp">
      <Filter>Source Files\Component</Filter>
    </ClCompile>
    <ClCompile Include="Source\Core\Engine.cpp">
      <Filter>Source Files\Core</Filter>
    </ClCompile>
    <ClCompile Include="Source\Core\Systems.cpp">
      <Filter>Source Files\Core</Filter>
    </ClCompile>
    <ClCompile Include="Source\Editor\SystemEditor.cpp">
      <Filter>Source Files\Editor</Filter>
    </ClCompile>
    <ClCompile Include="Source\Input\SI_Controller.cpp">
      <Filter>Source Files\Input</Filter>
    </ClCompile>
    <ClCompile Include="Source\Input\SI_KeyPress.cpp">
      <Filter>Source Files\Input</Filter>
    </ClCompile>
    <ClCompile Include="Source\Input\SI_MousePos.cpp">
      <Filter>Source Files\Input</Filter>
    </ClCompile>
    <ClCompile Include="Source\Input\SystemInput.cpp">
      <Filter>Source Files\Input</Filter>
    </ClCompile>
    <ClCompile Include="Source\IO\SystemIO.cpp">
      <Filter>Source Files\IO</Filter>
    </ClCompile>
    <ClCompile Include="Source\Logic\SystemLogic.cpp">
      <Filter>Source Files\Logic</Filter>
    </ClCompile>
    <ClCompile Include="Source\Messaging\SystemBroadcaster.cpp">
      <Filter>Source Files\Messaging</Filter>
    </ClCompile>
    <ClCompile Include="Source\Messaging\SystemReceiver.cpp">
      <Filter>Source Files\Messaging</Filter>
    </ClCompile>
    <ClCompile Include="Source\Physics\SystemPhysics.cpp">
      <Filter>Source Files\Physics</Filter>
    </ClCompile>
    <ClCompile Include="Source\Math\Matrix3x3.cpp">
      <Filter>Source Files\Math</Filter>
    </ClCompile>
    <ClCompile Include="Source\Math\Matrix4x4.cpp">
      <Filter>Source Files\Math</Filter>
    </ClCompile>
    <ClCompile Include="Source\Math\Vector.cpp">
      <Filter>Source Files\Math</Filter>
    </ClCompile>
    <ClCompile Include="Source\Core\SystemManager.cpp">
      <Filter>Source Files\Core</Filter>
    </ClCompile>
    <ClCompile Include="Source\Component\ComponentTransform.cpp">
      <Filter>Source Files\Component</Filter>
    </ClCompile>
    <ClCompile Include="Source\Physics\CollisionMathLib.cpp">
      <Filter>Source Files\Physics</Filter>
    </ClCompile>
    <ClCompile Include="Source\Core\DeltaTime.cpp">
      <Filter>Source Files\Core</Filter>
    </ClCompile>
    <ClCompile Include="Source\IO\Json\Parser.cpp">
      <Filter>Source Files\IO\Json</Filter>
    </ClCompile>
    <ClCompile Include="Source\Component\ComponentRigidBody.cpp">
      <Filter>Source Files\Component</Filter>
    </ClCompile>
    <ClCompile Include="Source\Component\ComponentCollider.cpp">
      <Filter>Source Files\Component</Filter>
    </ClCompile>
    <ClCompile Include="Source\Window\WndSystem.cpp">
      <Filter>Source Files\Window</Filter>
    </ClCompile>
    <ClCompile Include="Source\Graphics\CameraSystem.cpp">
      <Filter>Source Files\Graphics</Filter>
    </ClCompile>
    <ClCompile Include="Source\Graphics\DebugManager.cpp">
      <Filter>Source Files\Graphics</Filter>
    </ClCompile>
    <ClCompile Include="Source\Graphics\GraphicsSystem.cpp">
      <Filter>Source Files\Graphics</Filter>
    </ClCompile>
    <ClCompile Include="Source\Graphics\LightSystem.cpp">
      <Filter>Source Files\Graphics</Filter>
    </ClCompile>
    <ClCompile Include="Source\Graphics\Mesh.cpp">
      <Filter>Source Files\Graphics</Filter>
    </ClCompile>
    <ClCompile Include="Source\Graphics\ModelLoader.cpp">
      <Filter>Source Files\Graphics</Filter>
    </ClCompile>
    <ClCompile Include="Source\Graphics\ModelManager.cpp">
      <Filter>Source Files\Graphics</Filter>
    </ClCompile>
    <ClCompile Include="Source\Graphics\ShaderSystem.cpp">
      <Filter>Source Files\Graphics</Filter>
    </ClCompile>
    <ClCompile Include="Source\Graphics\TextureLoader.cpp">
      <Filter>Source Files\Graphics</Filter>
    </ClCompile>
    <ClCompile Include="Source\Graphics\Model.cpp">
      <Filter>Source Files\Graphics</Filter>
    </ClCompile>
  </ItemGroup>
  <ItemGroup>
    <Text Include="Source\Messaging\System_Messaging_Readme.txt">
      <Filter>Source Files\Messaging</Filter>
    </Text>
  </ItemGroup>
  <ItemGroup>
    <Library Include="..\Bin\fmod_vc.lib">
      <Filter>Resource Files</Filter>
    </Library>
  </ItemGroup>
</Project>